
Microsoft Visual Studio Solution File, Format Version 12.00
# Visual Studio Version 17
VisualStudioVersion = 17.1.32328.378
MinimumVisualStudioVersion = 15.0.26124.0
Project("{2150E333-8FDC-42A3-9474-1A3956D46DE8}") = "src", "src", "{A4E8D34F-C275-4628-A2B7-4C5B065951BA}"
EndProject
Project("{9A19103F-16F7-4668-BE54-9A1E7A4F7556}") = "KatsumiApp", "src\KatsumiApp\KatsumiApp.csproj", "{137AF3B5-43CD-43C0-B433-2969321F21B3}"
EndProject
Project("{2150E333-8FDC-42A3-9474-1A3956D46DE8}") = "test", "test", "{95BC5466-B7CC-4A31-B5C8-8F41D939257C}"
EndProject
Project("{9A19103F-16F7-4668-BE54-9A1E7A4F7556}") = "KatsumiApp.Tests", "test\KatsumiApp.Tests\KatsumiApp.Tests.csproj", "{BCF799DA-F937-44DB-8632-8875D7DA85A1}"
EndProject
Project("{2150E333-8FDC-42A3-9474-1A3956D46DE8}") = "Solution Items", "Solution Items", "{D0E978E2-06D5-4832-943B-3E4B14853B1B}"
	ProjectSection(SolutionItems) = preProject
		readme.md = readme.md
	EndProjectSection
EndProject
Global
	GlobalSection(SolutionConfigurationPlatforms) = preSolution
		Debug|Any CPU = Debug|Any CPU
		Debug|x64 = Debug|x64
		Debug|x86 = Debug|x86
		Release|Any CPU = Release|Any CPU
		Release|x64 = Release|x64
		Release|x86 = Release|x86
	EndGlobalSection
	GlobalSection(ProjectConfigurationPlatforms) = postSolution
		{137AF3B5-43CD-43C0-B433-2969321F21B3}.Debug|Any CPU.ActiveCfg = Debug|Any CPU
		{137AF3B5-43CD-43C0-B433-2969321F21B3}.Debug|Any CPU.Build.0 = Debug|Any CPU
		{137AF3B5-43CD-43C0-B433-2969321F21B3}.Debug|x64.ActiveCfg = Debug|Any CPU
		{137AF3B5-43CD-43C0-B433-2969321F21B3}.Debug|x64.Build.0 = Debug|Any CPU
		{137AF3B5-43CD-43C0-B433-2969321F21B3}.Debug|x86.ActiveCfg = Debug|Any CPU
		{137AF3B5-43CD-43C0-B433-2969321F21B3}.Debug|x86.Build.0 = Debug|Any CPU
		{137AF3B5-43CD-43C0-B433-2969321F21B3}.Release|Any CPU.ActiveCfg = Release|Any CPU
		{137AF3B5-43CD-43C0-B433-2969321F21B3}.Release|Any CPU.Build.0 = Release|Any CPU
		{137AF3B5-43CD-43C0-B433-2969321F21B3}.Release|x64.ActiveCfg = Release|Any CPU
		{137AF3B5-43CD-43C0-B433-2969321F21B3}.Release|x64.Build.0 = Release|Any CPU
		{137AF3B5-43CD-43C0-B433-2969321F21B3}.Release|x86.ActiveCfg = Release|Any CPU
		{137AF3B5-43CD-43C0-B433-2969321F21B3}.Release|x86.Build.0 = Release|Any CPU
		{BCF799DA-F937-44DB-8632-8875D7DA85A1}.Debug|Any CPU.ActiveCfg = Debug|Any CPU
		{BCF799DA-F937-44DB-8632-8875D7DA85A1}.Debug|Any CPU.Build.0 = Debug|Any CPU
		{BCF799DA-F937-44DB-8632-8875D7DA85A1}.Debug|x64.ActiveCfg = Debug|Any CPU
		{BCF799DA-F937-44DB-8632-8875D7DA85A1}.Debug|x64.Build.0 = Debug|Any CPU
		{BCF799DA-F937-44DB-8632-8875D7DA85A1}.Debug|x86.ActiveCfg = Debug|Any CPU
		{BCF799DA-F937-44DB-8632-8875D7DA85A1}.Debug|x86.Build.0 = Debug|Any CPU
		{BCF799DA-F937-44DB-8632-8875D7DA85A1}.Release|Any CPU.ActiveCfg = Release|Any CPU
		{BCF799DA-F937-44DB-8632-8875D7DA85A1}.Release|Any CPU.Build.0 = Release|Any CPU
		{BCF799DA-F937-44DB-8632-8875D7DA85A1}.Release|x64.ActiveCfg = Release|Any CPU
		{BCF799DA-F937-44DB-8632-8875D7DA85A1}.Release|x64.Build.0 = Release|Any CPU
		{BCF799DA-F937-44DB-8632-8875D7DA85A1}.Release|x86.ActiveCfg = Release|Any CPU
		{BCF799DA-F937-44DB-8632-8875D7DA85A1}.Release|x86.Build.0 = Release|Any CPU
	EndGlobalSection
	GlobalSection(SolutionProperties) = preSolution
		HideSolutionNode = FALSE
	EndGlobalSection
	GlobalSection(NestedProjects) = preSolution
		{137AF3B5-43CD-43C0-B433-2969321F21B3} = {A4E8D34F-C275-4628-A2B7-4C5B065951BA}
		{BCF799DA-F937-44DB-8632-8875D7DA85A1} = {95BC5466-B7CC-4A31-B5C8-8F41D939257C}
	EndGlobalSection
	GlobalSection(ExtensibilityGlobals) = postSolution
		SolutionGuid = {16BCD43E-75CD-454C-9E08-87743E46B730}
	EndGlobalSection
EndGlobal
